
Microsoft Visual Studio Solution File, Format Version 12.00
# Visual Studio 2013
VisualStudioVersion = 12.0.21005.1
MinimumVisualStudioVersion = 10.0.40219.1
Project("{FAE04EC0-301F-11D3-BF4B-00C04F79EFBC}") = "CapaDatos", "CapaDatos\CapaDatos.csproj", "{F7C040B1-7970-40BA-B87D-D0C278D98262}"
EndProject
Project("{FAE04EC0-301F-11D3-BF4B-00C04F79EFBC}") = "CapaPresentacion", "CapaPresentacion\CapaPresentacion.csproj", "{D8E62703-5EA4-4647-B9AE-B8C0C0A6A34B}"
EndProject
Project("{FAE04EC0-301F-11D3-BF4B-00C04F79EFBC}") = "CapaNegocio", "CapaMantenimiento\CapaNegocio.csproj", "{47369F7F-A40B-42BC-96BD-249C32C67E77}"
EndProject
Global
	GlobalSection(SolutionConfigurationPlatforms) = preSolution
		Debug|Any CPU = Debug|Any CPU
		Release|Any CPU = Release|Any CPU
	EndGlobalSection
	GlobalSection(ProjectConfigurationPlatforms) = postSolution
		{F7C040B1-7970-40BA-B87D-D0C278D98262}.Debug|Any CPU.ActiveCfg = Debug|Any CPU
		{F7C040B1-7970-40BA-B87D-D0C278D98262}.Debug|Any CPU.Build.0 = Debug|Any CPU
		{F7C040B1-7970-40BA-B87D-D0C278D98262}.Release|Any CPU.ActiveCfg = Release|Any CPU
		{F7C040B1-7970-40BA-B87D-D0C278D98262}.Release|Any CPU.Build.0 = Release|Any CPU
		{D8E62703-5EA4-4647-B9AE-B8C0C0A6A34B}.Debug|Any CPU.ActiveCfg = Debug|Any CPU
		{D8E62703-5EA4-4647-B9AE-B8C0C0A6A34B}.Debug|Any CPU.Build.0 = Debug|Any CPU
		{D8E62703-5EA4-4647-B9AE-B8C0C0A6A34B}.Release|Any CPU.ActiveCfg = Release|Any CPU
		{D8E62703-5EA4-4647-B9AE-B8C0C0A6A34B}.Release|Any CPU.Build.0 = Release|Any CPU
		{47369F7F-A40B-42BC-96BD-249C32C67E77}.Debug|Any CPU.ActiveCfg = Debug|Any CPU
		{47369F7F-A40B-42BC-96BD-249C32C67E77}.Debug|Any CPU.Build.0 = Debug|Any CPU
		{47369F7F-A40B-42BC-96BD-249C32C67E77}.Release|Any CPU.ActiveCfg = Release|Any CPU
		{47369F7F-A40B-42BC-96BD-249C32C67E77}.Release|Any CPU.Build.0 = Release|Any CPU
	EndGlobalSection
	GlobalSection(SolutionProperties) = preSolution
		HideSolutionNode = FALSE
	EndGlobalSection
EndGlobal
